
Microsoft Visual Studio Solution File, Format Version 12.00
# Visual Studio Version 16
VisualStudioVersion = 16.0.29519.181
MinimumVisualStudioVersion = 10.0.40219.1
Project("{FAE04EC0-301F-11D3-BF4B-00C04F79EFBC}") = "SiebelQueueMonitor", "SiebelQueueMonitor\SiebelQueueMonitor.csproj", "{6C5623FA-FE7A-4AC8-9826-5798815E2D9A}"
EndProject
Global
	GlobalSection(SolutionConfigurationPlatforms) = preSolution
		Debug|Any CPU = Debug|Any CPU
		Release|Any CPU = Release|Any CPU
	EndGlobalSection
	GlobalSection(ProjectConfigurationPlatforms) = postSolution
		{6C5623FA-FE7A-4AC8-9826-5798815E2D9A}.Debug|Any CPU.ActiveCfg = Debug|Any CPU
		{6C5623FA-FE7A-4AC8-9826-5798815E2D9A}.Debug|Any CPU.Build.0 = Debug|Any CPU
		{6C5623FA-FE7A-4AC8-9826-5798815E2D9A}.Release|Any CPU.ActiveCfg = Release|Any CPU
		{6C5623FA-FE7A-4AC8-9826-5798815E2D9A}.Release|Any CPU.Build.0 = Release|Any CPU
	EndGlobalSection
	GlobalSection(SolutionProperties) = preSolution
		HideSolutionNode = FALSE
	EndGlobalSection
	GlobalSection(ExtensibilityGlobals) = postSolution
		SolutionGuid = {3970DA7F-6C92-4CF8-9442-35FFD8519351}
	EndGlobalSection
EndGlobal
